
Microsoft Visual Studio Solution File, Format Version 12.00
# Visual Studio Version 16
VisualStudioVersion = 16.0.31112.23
MinimumVisualStudioVersion = 10.0.40219.1
Project("{9A19103F-16F7-4668-BE54-9A1E7A4F7556}") = "Servicios.Api.Libreria", "Servicios.Api.Libreria\Servicios.Api.Libreria.csproj", "{6E0099BD-10FD-4583-8BDB-9A935CEFBDDD}"
EndProject
Project("{2150E333-8FDC-42A3-9474-1A3956D46DE8}") = "1.Servicios", "1.Servicios", "{F196AB3A-6769-4592-A305-945654CE978C}"
EndProject
Project("{FAE04EC0-301F-11D3-BF4B-00C04F79EFBC}") = "Servicios.Api.Seguridad", "Servicios.Api.Seguridad\Servicios.Api.Seguridad.csproj", "{13286EFF-2391-4019-906E-ED551EF5E6B0}"
EndProject
Project("{2150E333-8FDC-42A3-9474-1A3956D46DE8}") = "2.Seguridad", "2.Seguridad", "{CE0CD2D6-7456-46D2-AF0E-3FB80CEBE7BB}"
EndProject
Global
	GlobalSection(SolutionConfigurationPlatforms) = preSolution
		Debug|Any CPU = Debug|Any CPU
		Release|Any CPU = Release|Any CPU
	EndGlobalSection
	GlobalSection(ProjectConfigurationPlatforms) = postSolution
		{6E0099BD-10FD-4583-8BDB-9A935CEFBDDD}.Debug|Any CPU.ActiveCfg = Debug|Any CPU
		{6E0099BD-10FD-4583-8BDB-9A935CEFBDDD}.Debug|Any CPU.Build.0 = Debug|Any CPU
		{6E0099BD-10FD-4583-8BDB-9A935CEFBDDD}.Release|Any CPU.ActiveCfg = Release|Any CPU
		{6E0099BD-10FD-4583-8BDB-9A935CEFBDDD}.Release|Any CPU.Build.0 = Release|Any CPU
		{13286EFF-2391-4019-906E-ED551EF5E6B0}.Debug|Any CPU.ActiveCfg = Debug|Any CPU
		{13286EFF-2391-4019-906E-ED551EF5E6B0}.Debug|Any CPU.Build.0 = Debug|Any CPU
		{13286EFF-2391-4019-906E-ED551EF5E6B0}.Release|Any CPU.ActiveCfg = Release|Any CPU
		{13286EFF-2391-4019-906E-ED551EF5E6B0}.Release|Any CPU.Build.0 = Release|Any CPU
	EndGlobalSection
	GlobalSection(SolutionProperties) = preSolution
		HideSolutionNode = FALSE
	EndGlobalSection
	GlobalSection(NestedProjects) = preSolution
		{6E0099BD-10FD-4583-8BDB-9A935CEFBDDD} = {F196AB3A-6769-4592-A305-945654CE978C}
		{13286EFF-2391-4019-906E-ED551EF5E6B0} = {CE0CD2D6-7456-46D2-AF0E-3FB80CEBE7BB}
	EndGlobalSection
	GlobalSection(ExtensibilityGlobals) = postSolution
		SolutionGuid = {ED09D7BB-9E91-4BE4-93EF-208330C99E9C}
	EndGlobalSection
EndGlobal
